
Microsoft Visual Studio Solution File, Format Version 12.00
# Visual Studio Version 17
VisualStudioVersion = 17.10.35122.118
MinimumVisualStudioVersion = 10.0.40219.1
Project("{FAE04EC0-301F-11D3-BF4B-00C04F79EFBC}") = "Csharpproject", "Csharpproject.csproj", "{1AD17088-13EA-427C-A36E-8DF8D25A6C33}"
EndProject
Global
	GlobalSection(SolutionConfigurationPlatforms) = preSolution
		Debug|Any CPU = Debug|Any CPU
		Release|Any CPU = Release|Any CPU
	EndGlobalSection
	GlobalSection(ProjectConfigurationPlatforms) = postSolution
		{1AD17088-13EA-427C-A36E-8DF8D25A6C33}.Debug|Any CPU.ActiveCfg = Debug|Any CPU
		{1AD17088-13EA-427C-A36E-8DF8D25A6C33}.Debug|Any CPU.Build.0 = Debug|Any CPU
		{1AD17088-13EA-427C-A36E-8DF8D25A6C33}.Release|Any CPU.ActiveCfg = Release|Any CPU
		{1AD17088-13EA-427C-A36E-8DF8D25A6C33}.Release|Any CPU.Build.0 = Release|Any CPU
	EndGlobalSection
	GlobalSection(SolutionProperties) = preSolution
		HideSolutionNode = FALSE
	EndGlobalSection
	GlobalSection(ExtensibilityGlobals) = postSolution
		SolutionGuid = {607705E8-D0E9-44E8-AFC0-B9D0E9247E3E}
	EndGlobalSection
EndGlobal
